// !$*UTF8*$!
{
	archiveVersion = 1;
	classes = {
	};
	objectVersion = 56;
	objects = {

/* Begin PBXBuildFile section */
		7164CFA22A70E68C003FEB73 /* AppDelegate.swift in Sources */ = {isa = PBXBuildFile; fileRef = 7164CFA12A70E68C003FEB73 /* AppDelegate.swift */; };
		7164CFA42A70E68C003FEB73 /* SceneDelegate.swift in Sources */ = {isa = PBXBuildFile; fileRef = 7164CFA32A70E68C003FEB73 /* SceneDelegate.swift */; };
		7164CFA62A70E68C003FEB73 /* ViewController.swift in Sources */ = {isa = PBXBuildFile; fileRef = 7164CFA52A70E68C003FEB73 /* ViewController.swift */; };
		7164CFA92A70E68C003FEB73 /* Main.storyboard in Resources */ = {isa = PBXBuildFile; fileRef = 7164CFA72A70E68C003FEB73 /* Main.storyboard */; };
		7164CFAC2A70E68C003FEB73 /* memoApp.xcdatamodeld in Sources */ = {isa = PBXBuildFile; fileRef = 7164CFAA2A70E68C003FEB73 /* memoApp.xcdatamodeld */; };
		7164CFAE2A70E68C003FEB73 /* Assets.xcassets in Resources */ = {isa = PBXBuildFile; fileRef = 7164CFAD2A70E68C003FEB73 /* Assets.xcassets */; };
		7164CFB12A70E68C003FEB73 /* LaunchScreen.storyboard in Resources */ = {isa = PBXBuildFile; fileRef = 7164CFAF2A70E68C003FEB73 /* LaunchScreen.storyboard */; };
		7164CFBC2A70ED63003FEB73 /* MemoData+CoreDataClass.swift in Sources */ = {isa = PBXBuildFile; fileRef = 7164CFBA2A70ED63003FEB73 /* MemoData+CoreDataClass.swift */; };
		7164CFBD2A70ED63003FEB73 /* MemoData+CoreDataProperties.swift in Sources */ = {isa = PBXBuildFile; fileRef = 7164CFBB2A70ED63003FEB73 /* MemoData+CoreDataProperties.swift */; };
		719AB4B82A75372C00F4DDB8 /* MyColor.swift in Sources */ = {isa = PBXBuildFile; fileRef = 719AB4B72A75372C00F4DDB8 /* MyColor.swift */; };
		719AB4BB2A753CD400F4DDB8 /* CoreDataManager.swift in Sources */ = {isa = PBXBuildFile; fileRef = 719AB4BA2A753CD400F4DDB8 /* CoreDataManager.swift */; };
/* End PBXBuildFile section */

/* Begin PBXFileReference section */
		7164CF9E2A70E68C003FEB73 /* memoApp.app */ = {isa = PBXFileReference; explicitFileType = wrapper.application; includeInIndex = 0; path = memoApp.app; sourceTree = BUILT_PRODUCTS_DIR; };
		7164CFA12A70E68C003FEB73 /* AppDelegate.swift */ = {isa = PBXFileReference; lastKnownFileType = sourcecode.swift; path = AppDelegate.swift; sourceTree = "<group>"; };
		7164CFA32A70E68C003FEB73 /* SceneDelegate.swift */ = {isa = PBXFileReference; lastKnownFileType = sourcecode.swift; path = SceneDelegate.swift; sourceTree = "<group>"; };
		7164CFA52A70E68C003FEB73 /* ViewController.swift */ = {isa = PBXFileReference; lastKnownFileType = sourcecode.swift; path = ViewController.swift; sourceTree = "<group>"; };
		7164CFA82A70E68C003FEB73 /* Base */ = {isa = PBXFileReference; lastKnownFileType = file.storyboard; name = Base; path = Base.lproj/Main.storyboard; sourceTree = "<group>"; };
		7164CFAB2A70E68C003FEB73 /* memoApp.xcdatamodel */ = {isa = PBXFileReference; lastKnownFileType = wrapper.xcdatamodel; path = memoApp.xcdatamodel; sourceTree = "<group>"; };
		7164CFAD2A70E68C003FEB73 /* Assets.xcassets */ = {isa = PBXFileReference; lastKnownFileType = folder.assetcatalog; path = Assets.xcassets; sourceTree = "<group>"; };
		7164CFB02A70E68C003FEB73 /* Base */ = {isa = PBXFileReference; lastKnownFileType = file.storyboard; name = Base; path = Base.lproj/LaunchScreen.storyboard; sourceTree = "<group>"; };
		7164CFB22A70E68C003FEB73 /* Info.plist */ = {isa = PBXFileReference; lastKnownFileType = text.plist.xml; path = Info.plist; sourceTree = "<group>"; };
		7164CFBA2A70ED63003FEB73 /* MemoData+CoreDataClass.swift */ = {isa = PBXFileReference; lastKnownFileType = sourcecode.swift; path = "MemoData+CoreDataClass.swift"; sourceTree = "<group>"; };
		7164CFBB2A70ED63003FEB73 /* MemoData+CoreDataProperties.swift */ = {isa = PBXFileReference; lastKnownFileType = sourcecode.swift; path = "MemoData+CoreDataProperties.swift"; sourceTree = "<group>"; };
		719AB4B72A75372C00F4DDB8 /* MyColor.swift */ = {isa = PBXFileReference; lastKnownFileType = sourcecode.swift; path = MyColor.swift; sourceTree = "<group>"; };
		719AB4BA2A753CD400F4DDB8 /* CoreDataManager.swift */ = {isa = PBXFileReference; lastKnownFileType = sourcecode.swift; path = CoreDataManager.swift; sourceTree = "<group>"; };
/* End PBXFileReference section */

/* Begin PBXFrameworksBuildPhase section */
		7164CF9B2A70E68C003FEB73 /* Frameworks */ = {
			isa = PBXFrameworksBuildPhase;
			buildActionMask = 2147483647;
			files = (
			);
			runOnlyForDeploymentPostprocessing = 0;
		};
/* End PBXFrameworksBuildPhase section */

/* Begin PBXGroup section */
		7164CF952A70E68B003FEB73 = {
			isa = PBXGroup;
			children = (
				7164CFA02A70E68C003FEB73 /* memoApp */,
				7164CF9F2A70E68C003FEB73 /* Products */,
			);
			sourceTree = "<group>";
		};
		7164CF9F2A70E68C003FEB73 /* Products */ = {
			isa = PBXGroup;
			children = (
				7164CF9E2A70E68C003FEB73 /* memoApp.app */,
			);
			name = Products;
			sourceTree = "<group>";
		};
		7164CFA02A70E68C003FEB73 /* memoApp */ = {
			isa = PBXGroup;
			children = (
				7164CFA12A70E68C003FEB73 /* AppDelegate.swift */,
				7164CFA32A70E68C003FEB73 /* SceneDelegate.swift */,
				7164CFBE2A7150D7003FEB73 /* Model */,
				7164CFBF2A7150EC003FEB73 /* View */,
				7164CFC02A7150F2003FEB73 /* Controllers */,
				7164CFAD2A70E68C003FEB73 /* Assets.xcassets */,
				7164CFAF2A70E68C003FEB73 /* LaunchScreen.storyboard */,
				7164CFB22A70E68C003FEB73 /* Info.plist */,
				7164CFAA2A70E68C003FEB73 /* memoApp.xcdatamodeld */,
			);
			path = memoApp;
			sourceTree = "<group>";
		};
		7164CFBE2A7150D7003FEB73 /* Model */ = {
			isa = PBXGroup;
			children = (
				7164CFBA2A70ED63003FEB73 /* MemoData+CoreDataClass.swift */,
				7164CFBB2A70ED63003FEB73 /* MemoData+CoreDataProperties.swift */,
				719AB4B72A75372C00F4DDB8 /* MyColor.swift */,
				719AB4BA2A753CD400F4DDB8 /* CoreDataManager.swift */,
			);
			path = Model;
			sourceTree = "<group>";
		};
		7164CFBF2A7150EC003FEB73 /* View */ = {
			isa = PBXGroup;
			children = (
				7164CFA72A70E68C003FEB73 /* Main.storyboard */,
			);
			path = View;
			sourceTree = "<group>";
		};
		7164CFC02A7150F2003FEB73 /* Controllers */ = {
			isa = PBXGroup;
			children = (
				7164CFA52A70E68C003FEB73 /* ViewController.swift */,
			);
			path = Controllers;
			sourceTree = "<group>";
		};
/* End PBXGroup section */

/* Begin PBXNativeTarget section */
		7164CF9D2A70E68C003FEB73 /* memoApp */ = {
			isa = PBXNativeTarget;
			buildConfigurationList = 7164CFB52A70E68C003FEB73 /* Build configuration list for PBXNativeTarget "memoApp" */;
			buildPhases = (
				7164CF9A2A70E68C003FEB73 /* Sources */,
				7164CF9B2A70E68C003FEB73 /* Frameworks */,
				7164CF9C2A70E68C003FEB73 /* Resources */,
			);
			buildRules = (
			);
			dependencies = (
			);
			name = memoApp;
			productName = memoApp;
			productReference = 7164CF9E2A70E68C003FEB73 /* memoApp.app */;
			productType = "com.apple.product-type.application";
		};
/* End PBXNativeTarget section */

/* Begin PBXProject section */
		7164CF962A70E68B003FEB73 /* Project object */ = {
			isa = PBXProject;
			attributes = {
				BuildIndependentTargetsInParallel = 1;
				LastSwiftUpdateCheck = 1420;
				LastUpgradeCheck = 1420;
				TargetAttributes = {
					7164CF9D2A70E68C003FEB73 = {
						CreatedOnToolsVersion = 14.2;
					};
				};
			};
			buildConfigurationList = 7164CF992A70E68B003FEB73 /* Build configuration list for PBXProject "memoApp" */;
			compatibilityVersion = "Xcode 14.0";
			developmentRegion = en;
			hasScannedForEncodings = 0;
			knownRegions = (
				en,
				Base,
			);
			mainGroup = 7164CF952A70E68B003FEB73;
			productRefGroup = 7164CF9F2A70E68C003FEB73 /* Products */;
			projectDirPath = "";
			projectRoot = "";
			targets = (
				7164CF9D2A70E68C003FEB73 /* memoApp */,
			);
		};
/* End PBXProject section */

/* Begin PBXResourcesBuildPhase section */
		7164CF9C2A70E68C003FEB73 /* Resources */ = {
			isa = PBXResourcesBuildPhase;
			buildActionMask = 2147483647;
			files = (
				7164CFB12A70E68C003FEB73 /* LaunchScreen.storyboard in Resources */,
				7164CFAE2A70E68C003FEB73 /* Assets.xcassets in Resources */,
				7164CFA92A70E68C003FEB73 /* Main.storyboard in Resources */,
			);
			runOnlyForDeploymentPostprocessing = 0;
		};
/* End PBXResourcesBuildPhase section */

/* Begin PBXSourcesBuildPhase section */
		7164CF9A2A70E68C003FEB73 /* Sources */ = {
			isa = PBXSourcesBuildPhase;
			buildActionMask = 2147483647;
			files = (
				7164CFA62A70E68C003FEB73 /* ViewController.swift in Sources */,
				7164CFA22A70E68C003FEB73 /* AppDelegate.swift in Sources */,
				7164CFA42A70E68C003FEB73 /* SceneDelegate.swift in Sources */,
				719AB4B82A75372C00F4DDB8 /* MyColor.swift in Sources */,
				7164CFBC2A70ED63003FEB73 /* MemoData+CoreDataClass.swift in Sources */,
				7164CFBD2A70ED63003FEB73 /* MemoData+CoreDataProperties.swift in Sources */,
				719AB4BB2A753CD400F4DDB8 /* CoreDataManager.swift in Sources */,
				7164CFAC2A70E68C003FEB73 /* memoApp.xcdatamodeld in Sources */,
			);
			runOnlyForDeploymentPostprocessing = 0;
		};
/* End PBXSourcesBuildPhase section */

/* Begin PBXVariantGroup section */
		7164CFA72A70E68C003FEB73 /* Main.storyboard */ = {
			isa = PBXVariantGroup;
			children = (
				7164CFA82A70E68C003FEB73 /* Base */,
			);
			name = Main.storyboard;
			sourceTree = "<group>";
		};
		7164CFAF2A70E68C003FEB73 /* LaunchScreen.storyboard */ = {
			isa = PBXVariantGroup;
			children = (
				7164CFB02A70E68C003FEB73 /* Base */,
			);
			name = LaunchScreen.storyboard;
			sourceTree = "<group>";
		};
/* End PBXVariantGroup section */

/* Begin XCBuildConfiguration section */
		7164CFB32A70E68C003FEB73 /* Debug */ = {
			isa = XCBuildConfiguration;
			buildSettings = {
				ALWAYS_SEARCH_USER_PATHS = NO;
				CLANG_ANALYZER_NONNULL = YES;
				CLANG_ANALYZER_NUMBER_OBJECT_CONVERSION = YES_AGGRESSIVE;
				CLANG_CXX_LANGUAGE_STANDARD = "gnu++20";
				CLANG_ENABLE_MODULES = YES;
				CLANG_ENABLE_OBJC_ARC = YES;
				CLANG_ENABLE_OBJC_WEAK = YES;
				CLANG_WARN_BLOCK_CAPTURE_AUTORELEASING = YES;
				CLANG_WARN_BOOL_CONVERSION = YES;
				CLANG_WARN_COMMA = YES;
				CLANG_WARN_CONSTANT_CONVERSION = YES;
				CLANG_WARN_DEPRECATED_OBJC_IMPLEMENTATIONS = YES;
				CLANG_WARN_DIRECT_OBJC_ISA_USAGE = YES_ERROR;
				CLANG_WARN_DOCUMENTATION_COMMENTS = YES;
				CLANG_WARN_EMPTY_BODY = YES;
				CLANG_WARN_ENUM_CONVERSION = YES;
				CLANG_WARN_INFINITE_RECURSION = YES;
				CLANG_WARN_INT_CONVERSION = YES;
				CLANG_WARN_NON_LITERAL_NULL_CONVERSION = YES;
				CLANG_WARN_OBJC_IMPLICIT_RETAIN_SELF = YES;
				CLANG_WARN_OBJC_LITERAL_CONVERSION = YES;
				CLANG_WARN_OBJC_ROOT_CLASS = YES_ERROR;
				CLANG_WARN_QUOTED_INCLUDE_IN_FRAMEWORK_HEADER = YES;
				CLANG_WARN_RANGE_LOOP_ANALYSIS = YES;
				CLANG_WARN_STRICT_PROTOTYPES = YES;
				CLANG_WARN_SUSPICIOUS_MOVE = YES;
				CLANG_WARN_UNGUARDED_AVAILABILITY = YES_AGGRESSIVE;
				CLANG_WARN_UNREACHABLE_CODE = YES;
				CLANG_WARN__DUPLICATE_METHOD_MATCH = YES;
				COPY_PHASE_STRIP = NO;
				DEBUG_INFORMATION_FORMAT = dwarf;
				ENABLE_STRICT_OBJC_MSGSEND = YES;
				ENABLE_TESTABILITY = YES;
				GCC_C_LANGUAGE_STANDARD = gnu11;
				GCC_DYNAMIC_NO_PIC = NO;
				GCC_NO_COMMON_BLOCKS = YES;
				GCC_OPTIMIZATION_LEVEL = 0;
				GCC_PREPROCESSOR_DEFINITIONS = (
					"DEBUG=1",
					"$(inherited)",
				);
				GCC_WARN_64_TO_32_BIT_CONVERSION = YES;
				GCC_WARN_ABOUT_RETURN_TYPE = YES_ERROR;
				GCC_WARN_UNDECLARED_SELECTOR = YES;
				GCC_WARN_UNINITIALIZED_AUTOS = YES_AGGRESSIVE;
				GCC_WARN_UNUSED_FUNCTION = YES;
				GCC_WARN_UNUSED_VARIABLE = YES;
				IPHONEOS_DEPLOYMENT_TARGET = 16.2;
				MTL_ENABLE_DEBUG_INFO = INCLUDE_SOURCE;
				MTL_FAST_MATH = YES;
				ONLY_ACTIVE_ARCH = YES;
				SDKROOT = iphoneos;
				SWIFT_ACTIVE_COMPILATION_CONDITIONS = DEBUG;
				SWIFT_OPTIMIZATION_LEVEL = "-Onone";
			};
			name = Debug;
		};
		7164CFB42A70E68C003FEB73 /* Release */ = {
			isa = XCBuildConfiguration;
			buildSettings = {
				ALWAYS_SEARCH_USER_PATHS = NO;
				CLANG_ANALYZER_NONNULL = YES;
				CLANG_ANALYZER_NUMBER_OBJECT_CONVERSION = YES_AGGRESSIVE;
				CLANG_CXX_LANGUAGE_STANDARD = "gnu++20";
				CLANG_ENABLE_MODULES = YES;
				CLANG_ENABLE_OBJC_ARC = YES;
				CLANG_ENABLE_OBJC_WEAK = YES;
				CLANG_WARN_BLOCK_CAPTURE_AUTORELEASING = YES;
				CLANG_WARN_BOOL_CONVERSION = YES;
				CLANG_WARN_COMMA = YES;
				CLANG_WARN_CONSTANT_CONVERSION = YES;
				CLANG_WARN_DEPRECATED_OBJC_IMPLEMENTATIONS = YES;
				CLANG_WARN_DIRECT_OBJC_ISA_USAGE = YES_ERROR;
				CLANG_WARN_DOCUMENTATION_COMMENTS = YES;
				CLANG_WARN_EMPTY_BODY = YES;
				CLANG_WARN_ENUM_CONVERSION = YES;
				CLANG_WARN_INFINITE_RECURSION = YES;
				CLANG_WARN_INT_CONVERSION = YES;
				CLANG_WARN_NON_LITERAL_NULL_CONVERSION = YES;
				CLANG_WARN_OBJC_IMPLICIT_RETAIN_SELF = YES;
				CLANG_WARN_OBJC_LITERAL_CONVERSION = YES;
				CLANG_WARN_OBJC_ROOT_CLASS = YES_ERROR;
				CLANG_WARN_QUOTED_INCLUDE_IN_FRAMEWORK_HEADER = YES;
				CLANG_WARN_RANGE_LOOP_ANALYSIS = YES;
				CLANG_WARN_STRICT_PROTOTYPES = YES;
				CLANG_WARN_SUSPICIOUS_MOVE = YES;
				CLANG_WARN_UNGUARDED_AVAILABILITY = YES_AGGRESSIVE;
				CLANG_WARN_UNREACHABLE_CODE = YES;
				CLANG_WARN__DUPLICATE_METHOD_MATCH = YES;
				COPY_PHASE_STRIP = NO;
				DEBUG_INFORMATION_FORMAT = "dwarf-with-dsym";
				ENABLE_NS_ASSERTIONS = NO;
				ENABLE_STRICT_OBJC_MSGSEND = YES;
				GCC_C_LANGUAGE_STANDARD = gnu11;
				GCC_NO_COMMON_BLOCKS = YES;
				GCC_WARN_64_TO_32_BIT_CONVERSION = YES;
				GCC_WARN_ABOUT_RETURN_TYPE = YES_ERROR;
				GCC_WARN_UNDECLARED_SELECTOR = YES;
				GCC_WARN_UNINITIALIZED_AUTOS = YES_AGGRESSIVE;
				GCC_WARN_UNUSED_FUNCTION = YES;
				GCC_WARN_UNUSED_VARIABLE = YES;
				IPHONEOS_DEPLOYMENT_TARGET = 16.2;
				MTL_ENABLE_DEBUG_INFO = NO;
				MTL_FAST_MATH = YES;
				SDKROOT = iphoneos;
				SWIFT_COMPILATION_MODE = wholemodule;
				SWIFT_OPTIMIZATION_LEVEL = "-O";
				VALIDATE_PRODUCT = YES;
			};
			name = Release;
		};
		7164CFB62A70E68C003FEB73 /* Debug */ = {
			isa = XCBuildConfiguration;
			buildSettings = {
				ASSETCATALOG_COMPILER_APPICON_NAME = AppIcon;
				ASSETCATALOG_COMPILER_GLOBAL_ACCENT_COLOR_NAME = AccentColor;
				CODE_SIGN_STYLE = Automatic;
				CURRENT_PROJECT_VERSION = 1;
				GENERATE_INFOPLIST_FILE = YES;
				INFOPLIST_FILE = memoApp/Info.plist;
				INFOPLIST_KEY_UIApplicationSupportsIndirectInputEvents = YES;
				INFOPLIST_KEY_UILaunchStoryboardName = LaunchScreen;
				INFOPLIST_KEY_UIMainStoryboardFile = Main;
				INFOPLIST_KEY_UISupportedInterfaceOrientations_iPad = "UIInterfaceOrientationPortrait UIInterfaceOrientationPortraitUpsideDown UIInterfaceOrientationLandscapeLeft UIInterfaceOrientationLandscapeRight";
				INFOPLIST_KEY_UISupportedInterfaceOrientations_iPhone = "UIInterfaceOrientationPortrait UIInterfaceOrientationLandscapeLeft UIInterfaceOrientationLandscapeRight";
				LD_RUNPATH_SEARCH_PATHS = (
					"$(inherited)",
					"@executable_path/Frameworks",
				);
				MARKETING_VERSION = 1.0;
				PRODUCT_BUNDLE_IDENTIFIER = com.thingjin.memoApp;
				PRODUCT_NAME = "$(TARGET_NAME)";
				SWIFT_EMIT_LOC_STRINGS = YES;
				SWIFT_VERSION = 5.0;
				TARGETED_DEVICE_FAMILY = "1,2";
			};
			name = Debug;
		};
		7164CFB72A70E68C003FEB73 /* Release */ = {
			isa = XCBuildConfiguration;
			buildSettings = {
				ASSETCATALOG_COMPILER_APPICON_NAME = AppIcon;
				ASSETCATALOG_COMPILER_GLOBAL_ACCENT_COLOR_NAME = AccentColor;
				CODE_SIGN_STYLE = Automatic;
				CURRENT_PROJECT_VERSION = 1;
				GENERATE_INFOPLIST_FILE = YES;
				INFOPLIST_FILE = memoApp/Info.plist;
				INFOPLIST_KEY_UIApplicationSupportsIndirectInputEvents = YES;
				INFOPLIST_KEY_UILaunchStoryboardName = LaunchScreen;
				INFOPLIST_KEY_UIMainStoryboardFile = Main;
				INFOPLIST_KEY_UISupportedInterfaceOrientations_iPad = "UIInterfaceOrientationPortrait UIInterfaceOrientationPortraitUpsideDown UIInterfaceOrientationLandscapeLeft UIInterfaceOrientationLandscapeRight";
				INFOPLIST_KEY_UISupportedInterfaceOrientations_iPhone = "UIInterfaceOrientationPortrait UIInterfaceOrientationLandscapeLeft UIInterfaceOrientationLandscapeRight";
				LD_RUNPATH_SEARCH_PATHS = (
					"$(inherited)",
					"@executable_path/Frameworks",
				);
				MARKETING_VERSION = 1.0;
				PRODUCT_BUNDLE_IDENTIFIER = com.thingjin.memoApp;
				PRODUCT_NAME = "$(TARGET_NAME)";
				SWIFT_EMIT_LOC_STRINGS = YES;
				SWIFT_VERSION = 5.0;
				TARGETED_DEVICE_FAMILY = "1,2";
			};
			name = Release;
		};
/* End XCBuildConfiguration section */

/* Begin XCConfigurationList section */
		7164CF992A70E68B003FEB73 /* Build configuration list for PBXProject "memoApp" */ = {
			isa = XCConfigurationList;
			buildConfigurations = (
				7164CFB32A70E68C003FEB73 /* Debug */,
				7164CFB42A70E68C003FEB73 /* Release */,
			);
			defaultConfigurationIsVisible = 0;
			defaultConfigurationName = Release;
		};
		7164CFB52A70E68C003FEB73 /* Build configuration list for PBXNativeTarget "memoApp" */ = {
			isa = XCConfigurationList;
			buildConfigurations = (
				7164CFB62A70E68C003FEB73 /* Debug */,
				7164CFB72A70E68C003FEB73 /* Release */,
			);
			defaultConfigurationIsVisible = 0;
			defaultConfigurationName = Release;
		};
/* End XCConfigurationList section */

/* Begin XCVersionGroup section */
		7164CFAA2A70E68C003FEB73 /* memoApp.xcdatamodeld */ = {
			isa = XCVersionGroup;
			children = (
				7164CFAB2A70E68C003FEB73 /* memoApp.xcdatamodel */,
			);
			currentVersion = 7164CFAB2A70E68C003FEB73 /* memoApp.xcdatamodel */;
			path = memoApp.xcdatamodeld;
			sourceTree = "<group>";
			versionGroupType = wrapper.xcdatamodel;
		};
/* End XCVersionGroup section */
	};
	rootObject = 7164CF962A70E68B003FEB73 /* Project object */;
}
